
Microsoft Visual Studio Solution File, Format Version 12.00
# Visual Studio Version 16
VisualStudioVersion = 16.0.29609.76
MinimumVisualStudioVersion = 10.0.40219.1
Project("{8BC9CEB8-8B4A-11D0-8D11-00A0C91BC942}") = "VulkanLearning", "VulkanLearning.vcxproj", "{2102B750-FEFC-4CC2-AEE3-6EFF3869C518}"
EndProject
Global
	GlobalSection(SolutionConfigurationPlatforms) = preSolution
		Debug|x64 = Debug|x64
		Debug|x86 = Debug|x86
		Release|x64 = Release|x64
		Release|x86 = Release|x86
	EndGlobalSection
	GlobalSection(ProjectConfigurationPlatforms) = postSolution
		{2102B750-FEFC-4CC2-AEE3-6EFF3869C518}.Debug|x64.ActiveCfg = Debug|x64
		{2102B750-FEFC-4CC2-AEE3-6EFF3869C518}.Debug|x64.Build.0 = Debug|x64
		{2102B750-FEFC-4CC2-AEE3-6EFF3869C518}.Debug|x86.ActiveCfg = Debug|Win32
		{2102B750-FEFC-4CC2-AEE3-6EFF3869C518}.Debug|x86.Build.0 = Debug|Win32
		{2102B750-FEFC-4CC2-AEE3-6EFF3869C518}.Release|x64.ActiveCfg = Release|x64
		{2102B750-FEFC-4CC2-AEE3-6EFF3869C518}.Release|x64.Build.0 = Release|x64
		{2102B750-FEFC-4CC2-AEE3-6EFF3869C518}.Release|x86.ActiveCfg = Release|Win32
		{2102B750-FEFC-4CC2-AEE3-6EFF3869C518}.Release|x86.Build.0 = Release|Win32
	EndGlobalSection
	GlobalSection(SolutionProperties) = preSolution
		HideSolutionNode = FALSE
	EndGlobalSection
	GlobalSection(ExtensibilityGlobals) = postSolution
		SolutionGuid = {AB64A4A8-7B1F-44E8-8B2C-B4EC2C0AAA88}
	EndGlobalSection
EndGlobal
